
Microsoft Visual Studio Solution File, Format Version 12.00
# Visual Studio Version 17
VisualStudioVersion = 17.0.31903.59
MinimumVisualStudioVersion = 10.0.40219.1
Project("{FAE04EC0-301F-11D3-BF4B-00C04F79EFBC}") = "EntityFrameworkCore.Extensions.SqlServer", "EntityFrameworkCore.Extensions.SqlServer\EntityFrameworkCore.Extensions.SqlServer.csproj", "{2F09C6A1-1873-4857-B953-12C974D155DD}"
EndProject
Project("{FAE04EC0-301F-11D3-BF4B-00C04F79EFBC}") = "EntityFrameworkCore.Extensions.Test", "EntityFrameworkCore.Extensions.Test\EntityFrameworkCore.Extensions.Test.csproj", "{D2FAA053-B9C4-433C-9C5E-0D151708B783}"
EndProject
Global
	GlobalSection(SolutionConfigurationPlatforms) = preSolution
		Debug|Any CPU = Debug|Any CPU
		Release|Any CPU = Release|Any CPU
	EndGlobalSection
	GlobalSection(ProjectConfigurationPlatforms) = postSolution
		{2F09C6A1-1873-4857-B953-12C974D155DD}.Debug|Any CPU.ActiveCfg = Debug|Any CPU
		{2F09C6A1-1873-4857-B953-12C974D155DD}.Debug|Any CPU.Build.0 = Debug|Any CPU
		{2F09C6A1-1873-4857-B953-12C974D155DD}.Release|Any CPU.ActiveCfg = Release|Any CPU
		{2F09C6A1-1873-4857-B953-12C974D155DD}.Release|Any CPU.Build.0 = Release|Any CPU
		{D2FAA053-B9C4-433C-9C5E-0D151708B783}.Debug|Any CPU.ActiveCfg = Debug|Any CPU
		{D2FAA053-B9C4-433C-9C5E-0D151708B783}.Debug|Any CPU.Build.0 = Debug|Any CPU
		{D2FAA053-B9C4-433C-9C5E-0D151708B783}.Release|Any CPU.ActiveCfg = Release|Any CPU
		{D2FAA053-B9C4-433C-9C5E-0D151708B783}.Release|Any CPU.Build.0 = Release|Any CPU
	EndGlobalSection
	GlobalSection(SolutionProperties) = preSolution
		HideSolutionNode = FALSE
	EndGlobalSection
	GlobalSection(ExtensibilityGlobals) = postSolution
		SolutionGuid = {F27CF0D6-4C71-4DFC-9AF1-D551A77D7596}
	EndGlobalSection
EndGlobal
